
Microsoft Visual Studio Solution File, Format Version 12.00
# Visual Studio Version 17
VisualStudioVersion = 17.2.32630.192
MinimumVisualStudioVersion = 10.0.40219.1
Project("{FAE04EC0-301F-11D3-BF4B-00C04F79EFBC}") = "1 Specialnie tipi", "1 Spravochnik\1 Specialnie tipi.csproj", "{5D22A7AB-868E-44A3-ABCD-1440E03ED671}"
EndProject
Project("{FAE04EC0-301F-11D3-BF4B-00C04F79EFBC}") = "2 static", "2\2 static.csproj", "{83F1526A-AFB8-40FE-9950-91B2AD9A54E3}"
EndProject
Project("{FAE04EC0-301F-11D3-BF4B-00C04F79EFBC}") = "3 Prostranstvo imen", "3 Prostranstvo imen\3 Prostranstvo imen.csproj", "{C76D4C39-6F36-4146-AEA4-453B5F7178F5}"
EndProject
Project("{FAE04EC0-301F-11D3-BF4B-00C04F79EFBC}") = "Palindrom", "Palindrom\Palindrom.csproj", "{86DBFA36-7260-422E-B9AE-A76E8B6AE966}"
EndProject
Project("{FAE04EC0-301F-11D3-BF4B-00C04F79EFBC}") = "Prostoe chislo", "Prostoe chislo\Prostoe chislo.csproj", "{1051B935-14C0-4CD4-8AAF-4462B60F5771}"
EndProject
Global
	GlobalSection(SolutionConfigurationPlatforms) = preSolution
		Debug|Any CPU = Debug|Any CPU
		Release|Any CPU = Release|Any CPU
	EndGlobalSection
	GlobalSection(ProjectConfigurationPlatforms) = postSolution
		{5D22A7AB-868E-44A3-ABCD-1440E03ED671}.Debug|Any CPU.ActiveCfg = Debug|Any CPU
		{5D22A7AB-868E-44A3-ABCD-1440E03ED671}.Debug|Any CPU.Build.0 = Debug|Any CPU
		{5D22A7AB-868E-44A3-ABCD-1440E03ED671}.Release|Any CPU.ActiveCfg = Release|Any CPU
		{5D22A7AB-868E-44A3-ABCD-1440E03ED671}.Release|Any CPU.Build.0 = Release|Any CPU
		{83F1526A-AFB8-40FE-9950-91B2AD9A54E3}.Debug|Any CPU.ActiveCfg = Debug|Any CPU
		{83F1526A-AFB8-40FE-9950-91B2AD9A54E3}.Debug|Any CPU.Build.0 = Debug|Any CPU
		{83F1526A-AFB8-40FE-9950-91B2AD9A54E3}.Release|Any CPU.ActiveCfg = Release|Any CPU
		{83F1526A-AFB8-40FE-9950-91B2AD9A54E3}.Release|Any CPU.Build.0 = Release|Any CPU
		{C76D4C39-6F36-4146-AEA4-453B5F7178F5}.Debug|Any CPU.ActiveCfg = Debug|Any CPU
		{C76D4C39-6F36-4146-AEA4-453B5F7178F5}.Debug|Any CPU.Build.0 = Debug|Any CPU
		{C76D4C39-6F36-4146-AEA4-453B5F7178F5}.Release|Any CPU.ActiveCfg = Release|Any CPU
		{C76D4C39-6F36-4146-AEA4-453B5F7178F5}.Release|Any CPU.Build.0 = Release|Any CPU
		{86DBFA36-7260-422E-B9AE-A76E8B6AE966}.Debug|Any CPU.ActiveCfg = Debug|Any CPU
		{86DBFA36-7260-422E-B9AE-A76E8B6AE966}.Debug|Any CPU.Build.0 = Debug|Any CPU
		{86DBFA36-7260-422E-B9AE-A76E8B6AE966}.Release|Any CPU.ActiveCfg = Release|Any CPU
		{86DBFA36-7260-422E-B9AE-A76E8B6AE966}.Release|Any CPU.Build.0 = Release|Any CPU
		{1051B935-14C0-4CD4-8AAF-4462B60F5771}.Debug|Any CPU.ActiveCfg = Debug|Any CPU
		{1051B935-14C0-4CD4-8AAF-4462B60F5771}.Debug|Any CPU.Build.0 = Debug|Any CPU
		{1051B935-14C0-4CD4-8AAF-4462B60F5771}.Release|Any CPU.ActiveCfg = Release|Any CPU
		{1051B935-14C0-4CD4-8AAF-4462B60F5771}.Release|Any CPU.Build.0 = Release|Any CPU
	EndGlobalSection
	GlobalSection(SolutionProperties) = preSolution
		HideSolutionNode = FALSE
	EndGlobalSection
	GlobalSection(ExtensibilityGlobals) = postSolution
		SolutionGuid = {341BDC88-3FE7-4DA6-8F07-89B9B1027CD2}
	EndGlobalSection
EndGlobal
